Microsoft Visual Studio Solution File, Format Version 12.00
# Visual Studio Version 17
VisualStudioVersion = 17.5.2.0
MinimumVisualStudioVersion = 10.0.40219.1
Project("{2150E333-8FDC-42A3-9474-1A3956D46DE8}") = "Documentron", "Documentron", "{4C12384A-A696-EA9A-DA4A-CB14C3079827}"
EndProject
Project("{2150E333-8FDC-42A3-9474-1A3956D46DE8}") = "adapters", "adapters", "{55B2BAAA-462D-C486-FED6-11D0D173A323}"
EndProject
Project("{FAE04EC0-301F-11D3-BF4B-00C04F79EFBC}") = "Documentron.Adapters.CSharp", "Documentron\adapters\csharp\Documentron.Adapters.CSharp.csproj", "{89D67E0A-8A16-B9A4-9141-4C9540980552}"
EndProject
Global
	GlobalSection(SolutionConfigurationPlatforms) = preSolution
		Debug|Any CPU = Debug|Any CPU
		Release|Any CPU = Release|Any CPU
	EndGlobalSection
	GlobalSection(ProjectConfigurationPlatforms) = postSolution
		{89D67E0A-8A16-B9A4-9141-4C9540980552}.Debug|Any CPU.ActiveCfg = Debug|Any CPU
		{89D67E0A-8A16-B9A4-9141-4C9540980552}.Debug|Any CPU.Build.0 = Debug|Any CPU
		{89D67E0A-8A16-B9A4-9141-4C9540980552}.Release|Any CPU.ActiveCfg = Release|Any CPU
		{89D67E0A-8A16-B9A4-9141-4C9540980552}.Release|Any CPU.Build.0 = Release|Any CPU
	EndGlobalSection
	GlobalSection(SolutionProperties) = preSolution
		HideSolutionNode = FALSE
	EndGlobalSection
	GlobalSection(NestedProjects) = preSolution
		{55B2BAAA-462D-C486-FED6-11D0D173A323} = {4C12384A-A696-EA9A-DA4A-CB14C3079827}
		{89D67E0A-8A16-B9A4-9141-4C9540980552} = {55B2BAAA-462D-C486-FED6-11D0D173A323}
	EndGlobalSection
	GlobalSection(ExtensibilityGlobals) = postSolution
		SolutionGuid = {6655748D-2D9B-4943-9782-87E7F19DD030}
	EndGlobalSection
EndGlobal
